
Microsoft Visual Studio Solution File, Format Version 12.00
Project("{FAE04EC0-301F-11D3-BF4B-00C04F79EFBC}") = "Academy.Asset.Api", "Academy.Asset.Api\Academy.Asset.Api.csproj", "{38F70B16-0897-463E-8A96-AFA6E90F0C27}"
EndProject
Global
	GlobalSection(SolutionConfigurationPlatforms) = preSolution
		Debug|Any CPU = Debug|Any CPU
		Release|Any CPU = Release|Any CPU
	EndGlobalSection
	GlobalSection(ProjectConfigurationPlatforms) = postSolution
		{38F70B16-0897-463E-8A96-AFA6E90F0C27}.Debug|Any CPU.ActiveCfg = Debug|Any CPU
		{38F70B16-0897-463E-8A96-AFA6E90F0C27}.Debug|Any CPU.Build.0 = Debug|Any CPU
		{38F70B16-0897-463E-8A96-AFA6E90F0C27}.Release|Any CPU.ActiveCfg = Release|Any CPU
		{38F70B16-0897-463E-8A96-AFA6E90F0C27}.Release|Any CPU.Build.0 = Release|Any CPU
	EndGlobalSection
EndGlobal
